// !$*UTF8*$!
{
	archiveVersion = 1;
	classes = {
	};
	objectVersion = 50;
	objects = {

/* Begin PBXBuildFile section */
		12572889238EB4E700D418D3 /* AppDelegate.swift in Sources */ = {isa = PBXBuildFile; fileRef = 12572888238EB4E700D418D3 /* AppDelegate.swift */; };
		1257288B238EB4E700D418D3 /* SceneDelegate.swift in Sources */ = {isa = PBXBuildFile; fileRef = 1257288A238EB4E700D418D3 /* SceneDelegate.swift */; };
		1257288D238EB4E700D418D3 /* ViewController.swift in Sources */ = {isa = PBXBuildFile; fileRef = 1257288C238EB4E700D418D3 /* ViewController.swift */; };
		12572890238EB4E700D418D3 /* Main.storyboard in Resources */ = {isa = PBXBuildFile; fileRef = 1257288E238EB4E700D418D3 /* Main.storyboard */; };
		12572892238EB4E900D418D3 /* Assets.xcassets in Resources */ = {isa = PBXBuildFile; fileRef = 12572891238EB4E900D418D3 /* Assets.xcassets */; };
		12572895238EB4E900D418D3 /* LaunchScreen.storyboard in Resources */ = {isa = PBXBuildFile; fileRef = 12572893238EB4E900D418D3 /* LaunchScreen.storyboard */; };
		125728A0238EB4E900D418D3 /* PetAdpotionTests.swift in Sources */ = {isa = PBXBuildFile; fileRef = 1257289F238EB4E900D418D3 /* PetAdpotionTests.swift */; };
		125728AB238EB4E900D418D3 /* PetAdpotionUITests.swift in Sources */ = {isa = PBXBuildFile; fileRef = 125728AA238EB4E900D418D3 /* PetAdpotionUITests.swift */; };
/* End PBXBuildFile section */

/* Begin PBXContainerItemProxy section */
		1257289C238EB4E900D418D3 /* PBXContainerItemProxy */ = {
			isa = PBXContainerItemProxy;
			containerPortal = 1257287D238EB4E700D418D3 /* Project object */;
			proxyType = 1;
			remoteGlobalIDString = 12572884238EB4E700D418D3;
			remoteInfo = PetAdpotion;
		};
		125728A7238EB4E900D418D3 /* PBXContainerItemProxy */ = {
			isa = PBXContainerItemProxy;
			containerPortal = 1257287D238EB4E700D418D3 /* Project object */;
			proxyType = 1;
			remoteGlobalIDString = 12572884238EB4E700D418D3;
			remoteInfo = PetAdpotion;
		};
/* End PBXContainerItemProxy section */

/* Begin PBXFileReference section */
		12572885238EB4E700D418D3 /* PetAdpotion.app */ = {isa = PBXFileReference; explicitFileType = wrapper.application; includeInIndex = 0; path = PetAdpotion.app; sourceTree = BUILT_PRODUCTS_DIR; };
		12572888238EB4E700D418D3 /* AppDelegate.swift */ = {isa = PBXFileReference; lastKnownFileType = sourcecode.swift; path = AppDelegate.swift; sourceTree = "<group>"; };
		1257288A238EB4E700D418D3 /* SceneDelegate.swift */ = {isa = PBXFileReference; lastKnownFileType = sourcecode.swift; path = SceneDelegate.swift; sourceTree = "<group>"; };
		1257288C238EB4E700D418D3 /* ViewController.swift */ = {isa = PBXFileReference; lastKnownFileType = sourcecode.swift; path = ViewController.swift; sourceTree = "<group>"; };
		1257288F238EB4E700D418D3 /* Base */ = {isa = PBXFileReference; lastKnownFileType = file.storyboard; name = Base; path = Base.lproj/Main.storyboard; sourceTree = "<group>"; };
		12572891238EB4E900D418D3 /* Assets.xcassets */ = {isa = PBXFileReference; lastKnownFileType = folder.assetcatalog; path = Assets.xcassets; sourceTree = "<group>"; };
		12572894238EB4E900D418D3 /* Base */ = {isa = PBXFileReference; lastKnownFileType = file.storyboard; name = Base; path = Base.lproj/LaunchScreen.storyboard; sourceTree = "<group>"; };
		12572896238EB4E900D418D3 /* Info.plist */ = {isa = PBXFileReference; lastKnownFileType = text.plist.xml; path = Info.plist; sourceTree = "<group>"; };
		1257289B238EB4E900D418D3 /* PetAdpotionTests.xctest */ = {isa = PBXFileReference; explicitFileType = wrapper.cfbundle; includeInIndex = 0; path = PetAdpotionTests.xctest; sourceTree = BUILT_PRODUCTS_DIR; };
		1257289F238EB4E900D418D3 /* PetAdpotionTests.swift */ = {isa = PBXFileReference; lastKnownFileType = sourcecode.swift; path = PetAdpotionTests.swift; sourceTree = "<group>"; };
		125728A1238EB4E900D418D3 /* Info.plist */ = {isa = PBXFileReference; lastKnownFileType = text.plist.xml; path = Info.plist; sourceTree = "<group>"; };
		125728A6238EB4E900D418D3 /* PetAdpotionUITests.xctest */ = {isa = PBXFileReference; explicitFileType = wrapper.cfbundle; includeInIndex = 0; path = PetAdpotionUITests.xctest; sourceTree = BUILT_PRODUCTS_DIR; };
		125728AA238EB4E900D418D3 /* PetAdpotionUITests.swift */ = {isa = PBXFileReference; lastKnownFileType = sourcecode.swift; path = PetAdpotionUITests.swift; sourceTree = "<group>"; };
		125728AC238EB4E900D418D3 /* Info.plist */ = {isa = PBXFileReference; lastKnownFileType = text.plist.xml; path = Info.plist; sourceTree = "<group>"; };
/* End PBXFileReference section */

/* Begin PBXFrameworksBuildPhase section */
		12572882238EB4E700D418D3 /* Frameworks */ = {
			isa = PBXFrameworksBuildPhase;
			buildActionMask = 2147483647;
			files = (
			);
			runOnlyForDeploymentPostprocessing = 0;
		};
		12572898238EB4E900D418D3 /* Frameworks */ = {
			isa = PBXFrameworksBuildPhase;
			buildActionMask = 2147483647;
			files = (
			);
			runOnlyForDeploymentPostprocessing = 0;
		};
		125728A3238EB4E900D418D3 /* Frameworks */ = {
			isa = PBXFrameworksBuildPhase;
			buildActionMask = 2147483647;
			files = (
			);
			runOnlyForDeploymentPostprocessing = 0;
		};
/* End PBXFrameworksBuildPhase section */

/* Begin PBXGroup section */
		1257287C238EB4E700D418D3 = {
			isa = PBXGroup;
			children = (
				12572887238EB4E700D418D3 /* PetAdpotion */,
				1257289E238EB4E900D418D3 /* PetAdpotionTests */,
				125728A9238EB4E900D418D3 /* PetAdpotionUITests */,
				12572886238EB4E700D418D3 /* Products */,
			);
			sourceTree = "<group>";
		};
		12572886238EB4E700D418D3 /* Products */ = {
			isa = PBXGroup;
			children = (
				12572885238EB4E700D418D3 /* PetAdpotion.app */,
				1257289B238EB4E900D418D3 /* PetAdpotionTests.xctest */,
				125728A6238EB4E900D418D3 /* PetAdpotionUITests.xctest */,
			);
			name = Products;
			sourceTree = "<group>";
		};
		12572887238EB4E700D418D3 /* PetAdpotion */ = {
			isa = PBXGroup;
			children = (
				12572888238EB4E700D418D3 /* AppDelegate.swift */,
				1257288A238EB4E700D418D3 /* SceneDelegate.swift */,
				1257288C238EB4E700D418D3 /* ViewController.swift */,
				1257288E238EB4E700D418D3 /* Main.storyboard */,
				12572891238EB4E900D418D3 /* Assets.xcassets */,
				12572893238EB4E900D418D3 /* LaunchScreen.storyboard */,
				12572896238EB4E900D418D3 /* Info.plist */,
			);
			path = PetAdpotion;
			sourceTree = "<group>";
		};
		1257289E238EB4E900D418D3 /* PetAdpotionTests */ = {
			isa = PBXGroup;
			children = (
				1257289F238EB4E900D418D3 /* PetAdpotionTests.swift */,
				125728A1238EB4E900D418D3 /* Info.plist */,
			);
			path = PetAdpotionTests;
			sourceTree = "<group>";
		};
		125728A9238EB4E900D418D3 /* PetAdpotionUITests */ = {
			isa = PBXGroup;
			children = (
				125728AA238EB4E900D418D3 /* PetAdpotionUITests.swift */,
				125728AC238EB4E900D418D3 /* Info.plist */,
			);
			path = PetAdpotionUITests;
			sourceTree = "<group>";
		};
/* End PBXGroup section */

/* Begin PBXNativeTarget section */
		12572884238EB4E700D418D3 /* PetAdpotion */ = {
			isa = PBXNativeTarget;
			buildConfigurationList = 125728AF238EB4E900D418D3 /* Build configuration list for PBXNativeTarget "PetAdpotion" */;
			buildPhases = (
				12572881238EB4E700D418D3 /* Sources */,
				12572882238EB4E700D418D3 /* Frameworks */,
				12572883238EB4E700D418D3 /* Resources */,
			);
			buildRules = (
			);
			dependencies = (
			);
			name = PetAdpotion;
			productName = PetAdpotion;
			productReference = 12572885238EB4E700D418D3 /* PetAdpotion.app */;
			productType = "com.apple.product-type.application";
		};
		1257289A238EB4E900D418D3 /* PetAdpotionTests */ = {
			isa = PBXNativeTarget;
			buildConfigurationList = 125728B2238EB4E900D418D3 /* Build configuration list for PBXNativeTarget "PetAdpotionTests" */;
			buildPhases = (
				12572897238EB4E900D418D3 /* Sources */,
				12572898238EB4E900D418D3 /* Frameworks */,
				12572899238EB4E900D418D3 /* Resources */,
			);
			buildRules = (
			);
			dependencies = (
				1257289D238EB4E900D418D3 /* PBXTargetDependency */,
			);
			name = PetAdpotionTests;
			productName = PetAdpotionTests;
			productReference = 1257289B238EB4E900D418D3 /* PetAdpotionTests.xctest */;
			productType = "com.apple.product-type.bundle.unit-test";
		};
		125728A5238EB4E900D418D3 /* PetAdpotionUITests */ = {
			isa = PBXNativeTarget;
			buildConfigurationList = 125728B5238EB4E900D418D3 /* Build configuration list for PBXNativeTarget "PetAdpotionUITests" */;
			buildPhases = (
				125728A2238EB4E900D418D3 /* Sources */,
				125728A3238EB4E900D418D3 /* Frameworks */,
				125728A4238EB4E900D418D3 /* Resources */,
			);
			buildRules = (
			);
			dependencies = (
				125728A8238EB4E900D418D3 /* PBXTargetDependency */,
			);
			name = PetAdpotionUITests;
			productName = PetAdpotionUITests;
			productReference = 125728A6238EB4E900D418D3 /* PetAdpotionUITests.xctest */;
			productType = "com.apple.product-type.bundle.ui-testing";
		};
/* End PBXNativeTarget section */

/* Begin PBXProject section */
		1257287D238EB4E700D418D3 /* Project object */ = {
			isa = PBXProject;
			attributes = {
				LastSwiftUpdateCheck = 1110;
				LastUpgradeCheck = 1110;
				ORGANIZATIONNAME = "Emmanuel Okwara";
				TargetAttributes = {
					12572884238EB4E700D418D3 = {
						CreatedOnToolsVersion = 11.1;
					};
					1257289A238EB4E900D418D3 = {
						CreatedOnToolsVersion = 11.1;
						TestTargetID = 12572884238EB4E700D418D3;
					};
					125728A5238EB4E900D418D3 = {
						CreatedOnToolsVersion = 11.1;
						TestTargetID = 12572884238EB4E700D418D3;
					};
				};
			};
			buildConfigurationList = 12572880238EB4E700D418D3 /* Build configuration list for PBXProject "PetAdpotion" */;
			compatibilityVersion = "Xcode 9.3";
			developmentRegion = en;
			hasScannedForEncodings = 0;
			knownRegions = (
				en,
				Base,
			);
			mainGroup = 1257287C238EB4E700D418D3;
			productRefGroup = 12572886238EB4E700D418D3 /* Products */;
			projectDirPath = "";
			projectRoot = "";
			targets = (
				12572884238EB4E700D418D3 /* PetAdpotion */,
				1257289A238EB4E900D418D3 /* PetAdpotionTests */,
				125728A5238EB4E900D418D3 /* PetAdpotionUITests */,
			);
		};
/* End PBXProject section */

/* Begin PBXResourcesBuildPhase section */
		12572883238EB4E700D418D3 /* Resources */ = {
			isa = PBXResourcesBuildPhase;
			buildActionMask = 2147483647;
			files = (
				12572895238EB4E900D418D3 /* LaunchScreen.storyboard in Resources */,
				12572892238EB4E900D418D3 /* Assets.xcassets in Resources */,
				12572890238EB4E700D418D3 /* Main.storyboard in Resources */,
			);
			runOnlyForDeploymentPostprocessing = 0;
		};
		12572899238EB4E900D418D3 /* Resources */ = {
			isa = PBXResourcesBuildPhase;
			buildActionMask = 2147483647;
			files = (
			);
			runOnlyForDeploymentPostprocessing = 0;
		};
		125728A4238EB4E900D418D3 /* Resources */ = {
			isa = PBXResourcesBuildPhase;
			buildActionMask = 2147483647;
			files = (
			);
			runOnlyForDeploymentPostprocessing = 0;
		};
/* End PBXResourcesBuildPhase section */

/* Begin PBXSourcesBuildPhase section */
		12572881238EB4E700D418D3 /* Sources */ = {
			isa = PBXSourcesBuildPhase;
			buildActionMask = 2147483647;
			files = (
				1257288D238EB4E700D418D3 /* ViewController.swift in Sources */,
				12572889238EB4E700D418D3 /* AppDelegate.swift in Sources */,
				1257288B238EB4E700D418D3 /* SceneDelegate.swift in Sources */,
			);
			runOnlyForDeploymentPostprocessing = 0;
		};
		12572897238EB4E900D418D3 /* Sources */ = {
			isa = PBXSourcesBuildPhase;
			buildActionMask = 2147483647;
			files = (
				125728A0238EB4E900D418D3 /* PetAdpotionTests.swift in Sources */,
			);
			runOnlyForDeploymentPostprocessing = 0;
		};
		125728A2238EB4E900D418D3 /* Sources */ = {
			isa = PBXSourcesBuildPhase;
			buildActionMask = 2147483647;
			files = (
				125728AB238EB4E900D418D3 /* PetAdpotionUITests.swift in Sources */,
			);
			runOnlyForDeploymentPostprocessing = 0;
		};
/* End PBXSourcesBuildPhase section */

/* Begin PBXTargetDependency section */
		1257289D238EB4E900D418D3 /* PBXTargetDependency */ = {
			isa = PBXTargetDependency;
			target = 12572884238EB4E700D418D3 /* PetAdpotion */;
			targetProxy = 1257289C238EB4E900D418D3 /* PBXContainerItemProxy */;
		};
		125728A8238EB4E900D418D3 /* PBXTargetDependency */ = {
			isa = PBXTargetDependency;
			target = 12572884238EB4E700D418D3 /* PetAdpotion */;
			targetProxy = 125728A7238EB4E900D418D3 /* PBXContainerItemProxy */;
		};
/* End PBXTargetDependency section */

/* Begin PBXVariantGroup section */
		1257288E238EB4E700D418D3 /* Main.storyboard */ = {
			isa = PBXVariantGroup;
			children = (
				1257288F238EB4E700D418D3 /* Base */,
			);
			name = Main.storyboard;
			sourceTree = "<group>";
		};
		12572893238EB4E900D418D3 /* LaunchScreen.storyboard */ = {
			isa = PBXVariantGroup;
			children = (
				12572894238EB4E900D418D3 /* Base */,
			);
			name = LaunchScreen.storyboard;
			sourceTree = "<group>";
		};
/* End PBXVariantGroup section */

/* Begin XCBuildConfiguration section */
		125728AD238EB4E900D418D3 /* Debug */ = {
			isa = XCBuildConfiguration;
			buildSettings = {
				ALWAYS_SEARCH_USER_PATHS = NO;
				CLANG_ANALYZER_NONNULL = YES;
				CLANG_ANALYZER_NUMBER_OBJECT_CONVERSION = YES_AGGRESSIVE;
				CLANG_CXX_LANGUAGE_STANDARD = "gnu++14";
				CLANG_CXX_LIBRARY = "libc++";
				CLANG_ENABLE_MODULES = YES;
				CLANG_ENABLE_OBJC_ARC = YES;
				CLANG_ENABLE_OBJC_WEAK = YES;
				CLANG_WARN_BLOCK_CAPTURE_AUTORELEASING = YES;
				CLANG_WARN_BOOL_CONVERSION = YES;
				CLANG_WARN_COMMA = YES;
				CLANG_WARN_CONSTANT_CONVERSION = YES;
				CLANG_WARN_DEPRECATED_OBJC_IMPLEMENTATIONS = YES;
				CLANG_WARN_DIRECT_OBJC_ISA_USAGE = YES_ERROR;
				CLANG_WARN_DOCUMENTATION_COMMENTS = YES;
				CLANG_WARN_EMPTY_BODY = YES;
				CLANG_WARN_ENUM_CONVERSION = YES;
				CLANG_WARN_INFINITE_RECURSION = YES;
				CLANG_WARN_INT_CONVERSION = YES;
				CLANG_WARN_NON_LITERAL_NULL_CONVERSION = YES;
				CLANG_WARN_OBJC_IMPLICIT_RETAIN_SELF = YES;
				CLANG_WARN_OBJC_LITERAL_CONVERSION = YES;
				CLANG_WARN_OBJC_ROOT_CLASS = YES_ERROR;
				CLANG_WARN_RANGE_LOOP_ANALYSIS = YES;
				CLANG_WARN_STRICT_PROTOTYPES = YES;
				CLANG_WARN_SUSPICIOUS_MOVE = YES;
				CLANG_WARN_UNGUARDED_AVAILABILITY = YES_AGGRESSIVE;
				CLANG_WARN_UNREACHABLE_CODE = YES;
				CLANG_WARN__DUPLICATE_METHOD_MATCH = YES;
				COPY_PHASE_STRIP = NO;
				DEBUG_INFORMATION_FORMAT = dwarf;
				ENABLE_STRICT_OBJC_MSGSEND = YES;
				ENABLE_TESTABILITY = YES;
				GCC_C_LANGUAGE_STANDARD = gnu11;
				GCC_DYNAMIC_NO_PIC = NO;
				GCC_NO_COMMON_BLOCKS = YES;
				GCC_OPTIMIZATION_LEVEL = 0;
				GCC_PREPROCESSOR_DEFINITIONS = (
					"DEBUG=1",
					"$(inherited)",
				);
				GCC_WARN_64_TO_32_BIT_CONVERSION = YES;
				GCC_WARN_ABOUT_RETURN_TYPE = YES_ERROR;
				GCC_WARN_UNDECLARED_SELECTOR = YES;
				GCC_WARN_UNINITIALIZED_AUTOS = YES_AGGRESSIVE;
				GCC_WARN_UNUSED_FUNCTION = YES;
				GCC_WARN_UNUSED_VARIABLE = YES;
				IPHONEOS_DEPLOYMENT_TARGET = 13.1;
				MTL_ENABLE_DEBUG_INFO = INCLUDE_SOURCE;
				MTL_FAST_MATH = YES;
				ONLY_ACTIVE_ARCH = YES;
				SDKROOT = iphoneos;
				SWIFT_ACTIVE_COMPILATION_CONDITIONS = DEBUG;
				SWIFT_OPTIMIZATION_LEVEL = "-Onone";
			};
			name = Debug;
		};
		125728AE238EB4E900D418D3 /* Release */ = {
			isa = XCBuildConfiguration;
			buildSettings = {
				ALWAYS_SEARCH_USER_PATHS = NO;
				CLANG_ANALYZER_NONNULL = YES;
				CLANG_ANALYZER_NUMBER_OBJECT_CONVERSION = YES_AGGRESSIVE;
				CLANG_CXX_LANGUAGE_STANDARD = "gnu++14";
				CLANG_CXX_LIBRARY = "libc++";
				CLANG_ENABLE_MODULES = YES;
				CLANG_ENABLE_OBJC_ARC = YES;
				CLANG_ENABLE_OBJC_WEAK = YES;
				CLANG_WARN_BLOCK_CAPTURE_AUTORELEASING = YES;
				CLANG_WARN_BOOL_CONVERSION = YES;
				CLANG_WARN_COMMA = YES;
				CLANG_WARN_CONSTANT_CONVERSION = YES;
				CLANG_WARN_DEPRECATED_OBJC_IMPLEMENTATIONS = YES;
				CLANG_WARN_DIRECT_OBJC_ISA_USAGE = YES_ERROR;
				CLANG_WARN_DOCUMENTATION_COMMENTS = YES;
				CLANG_WARN_EMPTY_BODY = YES;
				CLANG_WARN_ENUM_CONVERSION = YES;
				CLANG_WARN_INFINITE_RECURSION = YES;
				CLANG_WARN_INT_CONVERSION = YES;
				CLANG_WARN_NON_LITERAL_NULL_CONVERSION = YES;
				CLANG_WARN_OBJC_IMPLICIT_RETAIN_SELF = YES;
				CLANG_WARN_OBJC_LITERAL_CONVERSION = YES;
				CLANG_WARN_OBJC_ROOT_CLASS = YES_ERROR;
				CLANG_WARN_RANGE_LOOP_ANALYSIS = YES;
				CLANG_WARN_STRICT_PROTOTYPES = YES;
				CLANG_WARN_SUSPICIOUS_MOVE = YES;
				CLANG_WARN_UNGUARDED_AVAILABILITY = YES_AGGRESSIVE;
				CLANG_WARN_UNREACHABLE_CODE = YES;
				CLANG_WARN__DUPLICATE_METHOD_MATCH = YES;
				COPY_PHASE_STRIP = NO;
				DEBUG_INFORMATION_FORMAT = "dwarf-with-dsym";
				ENABLE_NS_ASSERTIONS = NO;
				ENABLE_STRICT_OBJC_MSGSEND = YES;
				GCC_C_LANGUAGE_STANDARD = gnu11;
				GCC_NO_COMMON_BLOCKS = YES;
				GCC_WARN_64_TO_32_BIT_CONVERSION = YES;
				GCC_WARN_ABOUT_RETURN_TYPE = YES_ERROR;
				GCC_WARN_UNDECLARED_SELECTOR = YES;
				GCC_WARN_UNINITIALIZED_AUTOS = YES_AGGRESSIVE;
				GCC_WARN_UNUSED_FUNCTION = YES;
				GCC_WARN_UNUSED_VARIABLE = YES;
				IPHONEOS_DEPLOYMENT_TARGET = 13.1;
				MTL_ENABLE_DEBUG_INFO = NO;
				MTL_FAST_MATH = YES;
				SDKROOT = iphoneos;
				SWIFT_COMPILATION_MODE = wholemodule;
				SWIFT_OPTIMIZATION_LEVEL = "-O";
				VALIDATE_PRODUCT = YES;
			};
			name = Release;
		};
		125728B0238EB4E900D418D3 /* Debug */ = {
			isa = XCBuildConfiguration;
			buildSettings = {
				ASSETCATALOG_COMPILER_APPICON_NAME = AppIcon;
				CODE_SIGN_STYLE = Automatic;
				DEVELOPMENT_TEAM = RT459C64W3;
				INFOPLIST_FILE = PetAdpotion/Info.plist;
				LD_RUNPATH_SEARCH_PATHS = (
					"$(inherited)",
					"@executable_path/Frameworks",
				);
				PRODUCT_BUNDLE_IDENTIFIER = com.macco.PetAdpotion;
				PRODUCT_NAME = "$(TARGET_NAME)";
				SWIFT_VERSION = 5.0;
				TARGETED_DEVICE_FAMILY = "1,2";
			};
			name = Debug;
		};
		125728B1238EB4E900D418D3 /* Release */ = {
			isa = XCBuildConfiguration;
			buildSettings = {
				ASSETCATALOG_COMPILER_APPICON_NAME = AppIcon;
				CODE_SIGN_STYLE = Automatic;
				DEVELOPMENT_TEAM = RT459C64W3;
				INFOPLIST_FILE = PetAdpotion/Info.plist;
				LD_RUNPATH_SEARCH_PATHS = (
					"$(inherited)",
					"@executable_path/Frameworks",
				);
				PRODUCT_BUNDLE_IDENTIFIER = com.macco.PetAdpotion;
				PRODUCT_NAME = "$(TARGET_NAME)";
				SWIFT_VERSION = 5.0;
				TARGETED_DEVICE_FAMILY = "1,2";
			};
			name = Release;
		};
		125728B3238EB4E900D418D3 /* Debug */ = {
			isa = XCBuildConfiguration;
			buildSettings = {
				ALWAYS_EMBED_SWIFT_STANDARD_LIBRARIES = YES;
				BUNDLE_LOADER = "$(TEST_HOST)";
				CODE_SIGN_STYLE = Automatic;
				DEVELOPMENT_TEAM = RT459C64W3;
				INFOPLIST_FILE = PetAdpotionTests/Info.plist;
				IPHONEOS_DEPLOYMENT_TARGET = 13.1;
				LD_RUNPATH_SEARCH_PATHS = (
					"$(inherited)",
					"@executable_path/Frameworks",
					"@loader_path/Frameworks",
				);
				PRODUCT_BUNDLE_IDENTIFIER = com.macco.PetAdpotionTests;
				PRODUCT_NAME = "$(TARGET_NAME)";
				SWIFT_VERSION = 5.0;
				TARGETED_DEVICE_FAMILY = "1,2";
				TEST_HOST = "$(BUILT_PRODUCTS_DIR)/PetAdpotion.app/PetAdpotion";
			};
			name = Debug;
		};
		125728B4238EB4E900D418D3 /* Release */ = {
			isa = XCBuildConfiguration;
			buildSettings = {
				ALWAYS_EMBED_SWIFT_STANDARD_LIBRARIES = YES;
				BUNDLE_LOADER = "$(TEST_HOST)";
				CODE_SIGN_STYLE = Automatic;
				DEVELOPMENT_TEAM = RT459C64W3;
				INFOPLIST_FILE = PetAdpotionTests/Info.plist;
				IPHONEOS_DEPLOYMENT_TARGET = 13.1;
				LD_RUNPATH_SEARCH_PATHS = (
					"$(inherited)",
					"@executable_path/Frameworks",
					"@loader_path/Frameworks",
				);
				PRODUCT_BUNDLE_IDENTIFIER = com.macco.PetAdpotionTests;
				PRODUCT_NAME = "$(TARGET_NAME)";
				SWIFT_VERSION = 5.0;
				TARGETED_DEVICE_FAMILY = "1,2";
				TEST_HOST = "$(BUILT_PRODUCTS_DIR)/PetAdpotion.app/PetAdpotion";
			};
			name = Release;
		};
		125728B6238EB4E900D418D3 /* Debug */ = {
			isa = XCBuildConfiguration;
			buildSettings = {
				ALWAYS_EMBED_SWIFT_STANDARD_LIBRARIES = YES;
				CODE_SIGN_STYLE = Automatic;
				DEVELOPMENT_TEAM = RT459C64W3;
				INFOPLIST_FILE = PetAdpotionUITests/Info.plist;
				LD_RUNPATH_SEARCH_PATHS = (
					"$(inherited)",
					"@executable_path/Frameworks",
					"@loader_path/Frameworks",
				);
				PRODUCT_BUNDLE_IDENTIFIER = com.macco.PetAdpotionUITests;
				PRODUCT_NAME = "$(TARGET_NAME)";
				SWIFT_VERSION = 5.0;
				TARGETED_DEVICE_FAMILY = "1,2";
				TEST_TARGET_NAME = PetAdpotion;
			};
			name = Debug;
		};
		125728B7238EB4E900D418D3 /* Release */ = {
			isa = XCBuildConfiguration;
			buildSettings = {
				ALWAYS_EMBED_SWIFT_STANDARD_LIBRARIES = YES;
				CODE_SIGN_STYLE = Automatic;
				DEVELOPMENT_TEAM = RT459C64W3;
				INFOPLIST_FILE = PetAdpotionUITests/Info.plist;
				LD_RUNPATH_SEARCH_PATHS = (
					"$(inherited)",
					"@executable_path/Frameworks",
					"@loader_path/Frameworks",
				);
				PRODUCT_BUNDLE_IDENTIFIER = com.macco.PetAdpotionUITests;
				PRODUCT_NAME = "$(TARGET_NAME)";
				SWIFT_VERSION = 5.0;
				TARGETED_DEVICE_FAMILY = "1,2";
				TEST_TARGET_NAME = PetAdpotion;
			};
			name = Release;
		};
/* End XCBuildConfiguration section */

/* Begin XCConfigurationList section */
		12572880238EB4E700D418D3 /* Build configuration list for PBXProject "PetAdpotion" */ = {
			isa = XCConfigurationList;
			buildConfigurations = (
				125728AD238EB4E900D418D3 /* Debug */,
				125728AE238EB4E900D418D3 /* Release */,
			);
			defaultConfigurationIsVisible = 0;
			defaultConfigurationName = Release;
		};
		125728AF238EB4E900D418D3 /* Build configuration list for PBXNativeTarget "PetAdpotion" */ = {
			isa = XCConfigurationList;
			buildConfigurations = (
				125728B0238EB4E900D418D3 /* Debug */,
				125728B1238EB4E900D418D3 /* Release */,
			);
			defaultConfigurationIsVisible = 0;
			defaultConfigurationName = Release;
		};
		125728B2238EB4E900D418D3 /* Build configuration list for PBXNativeTarget "PetAdpotionTests" */ = {
			isa = XCConfigurationList;
			buildConfigurations = (
				125728B3238EB4E900D418D3 /* Debug */,
				125728B4238EB4E900D418D3 /* Release */,
			);
			defaultConfigurationIsVisible = 0;
			defaultConfigurationName = Release;
		};
		125728B5238EB4E900D418D3 /* Build configuration list for PBXNativeTarget "PetAdpotionUITests" */ = {
			isa = XCConfigurationList;
			buildConfigurations = (
				125728B6238EB4E900D418D3 /* Debug */,
				125728B7238EB4E900D418D3 /* Release */,
			);
			defaultConfigurationIsVisible = 0;
			defaultConfigurationName = Release;
		};
/* End XCConfigurationList section */
	};
	rootObject = 1257287D238EB4E700D418D3 /* Project object */;
}
